
Microsoft Visual Studio Solution File, Format Version 12.00
# Visual Studio Version 17
VisualStudioVersion = 17.10.35013.160
MinimumVisualStudioVersion = 10.0.40219.1
Project("{FAE04EC0-301F-11D3-BF4B-00C04F79EFBC}") = "Retrolink", "Retrolink.csproj", "{EBD38BAE-41A8-4C26-AE7D-AF6F3EB28E01}"
EndProject
Global
	GlobalSection(SolutionConfigurationPlatforms) = preSolution
		Debug|Any CPU = Debug|Any CPU
		Release|Any CPU = Release|Any CPU
	EndGlobalSection
	GlobalSection(ProjectConfigurationPlatforms) = postSolution
		{EBD38BAE-41A8-4C26-AE7D-AF6F3EB28E01}.Debug|Any CPU.ActiveCfg = Debug|Any CPU
		{EBD38BAE-41A8-4C26-AE7D-AF6F3EB28E01}.Debug|Any CPU.Build.0 = Debug|Any CPU
		{EBD38BAE-41A8-4C26-AE7D-AF6F3EB28E01}.Release|Any CPU.ActiveCfg = Release|Any CPU
		{EBD38BAE-41A8-4C26-AE7D-AF6F3EB28E01}.Release|Any CPU.Build.0 = Release|Any CPU
	EndGlobalSection
	GlobalSection(SolutionProperties) = preSolution
		HideSolutionNode = FALSE
	EndGlobalSection
	GlobalSection(ExtensibilityGlobals) = postSolution
		SolutionGuid = {DD45D4C0-7CBE-4690-BBCC-E2C88D3F298B}
	EndGlobalSection
EndGlobal
